PODS:
  - Flutter (1.0.0)
  - geolocator_apple (1.2.0):
    - Flutter
    - FlutterMacOS
  - permission_handler_apple (9.1.1):
    - Flutter

DEPENDENCIES:
  - Flutter (from `Flutter`)
  - geolocator_apple (from `.symlinks/plugins/geolocator_apple/darwin`)
  - permission_handler_apple (from `.symlinks/plugins/permission_handler_apple/ios`)

EXTERNAL SOURCES:
  Flutter:
    :path: Flutter
  geolocator_apple:
    :path: ".symlinks/plugins/geolocator_apple/darwin"
  permission_handler_apple:
    :path: ".symlinks/plugins/permission_handler_apple/ios"

SPEC CHECKSUMS:
  Flutter: e0871f40cf51350855a761d2e70bf5af5b9b5de7
  geolocator_apple: 66b711889fd333205763b83c9dcf0a57a28c7afd
  permission_handler_apple: e76247795d700c14ea09e3a2d8855d41ee80a2e6

PODFILE CHECKSUM: 20e260c9bb3f61194c661a4ba028da86e4f3ed96

COCOAPODS: 1.16.2
